
Microsoft Visual Studio Solution File, Format Version 12.00
# Visual Studio Version 16
VisualStudioVersion = 16.0.31410.357
MinimumVisualStudioVersion = 10.0.40219.1
Project("{00D1A9C2-B5F0-4AF3-8072-F6C62B433612}") = "HostelDb", "HostelDb\HostelDb.sqlproj", "{F8BFC0DE-5B2F-480B-8AE1-22D034E024EA}"
EndProject
Project("{9A19103F-16F7-4668-BE54-9A1E7A4F7556}") = "HotelAppLibrary", "HotelAppLibrary\HotelAppLibrary.csproj", "{7A2ABA98-A91B-4630-83E9-C73AAAF69901}"
EndProject
Project("{9A19103F-16F7-4668-BE54-9A1E7A4F7556}") = "HostelApp.web", "HostelApp.web\HostelApp.web.csproj", "{FD417512-C29F-42BA-ACF3-1C3F8A6C3501}"
EndProject
Project("{FAE04EC0-301F-11D3-BF4B-00C04F79EFBC}") = "HostelApp.Desktop", "HostelApp.Desktop\HostelApp.Desktop.csproj", "{B43C7450-F5CA-4DC9-9B6C-AA265D2F70DA}"
EndProject
Global
	GlobalSection(SolutionConfigurationPlatforms) = preSolution
		Debug|Any CPU = Debug|Any CPU
		Release|Any CPU = Release|Any CPU
	EndGlobalSection
	GlobalSection(ProjectConfigurationPlatforms) = postSolution
		{F8BFC0DE-5B2F-480B-8AE1-22D034E024EA}.Debug|Any CPU.ActiveCfg = Debug|Any CPU
		{F8BFC0DE-5B2F-480B-8AE1-22D034E024EA}.Debug|Any CPU.Build.0 = Debug|Any CPU
		{F8BFC0DE-5B2F-480B-8AE1-22D034E024EA}.Debug|Any CPU.Deploy.0 = Debug|Any CPU
		{F8BFC0DE-5B2F-480B-8AE1-22D034E024EA}.Release|Any CPU.ActiveCfg = Release|Any CPU
		{F8BFC0DE-5B2F-480B-8AE1-22D034E024EA}.Release|Any CPU.Build.0 = Release|Any CPU
		{F8BFC0DE-5B2F-480B-8AE1-22D034E024EA}.Release|Any CPU.Deploy.0 = Release|Any CPU
		{7A2ABA98-A91B-4630-83E9-C73AAAF69901}.Debug|Any CPU.ActiveCfg = Debug|Any CPU
		{7A2ABA98-A91B-4630-83E9-C73AAAF69901}.Debug|Any CPU.Build.0 = Debug|Any CPU
		{7A2ABA98-A91B-4630-83E9-C73AAAF69901}.Release|Any CPU.ActiveCfg = Release|Any CPU
		{7A2ABA98-A91B-4630-83E9-C73AAAF69901}.Release|Any CPU.Build.0 = Release|Any CPU
		{FD417512-C29F-42BA-ACF3-1C3F8A6C3501}.Debug|Any CPU.ActiveCfg = Debug|Any CPU
		{FD417512-C29F-42BA-ACF3-1C3F8A6C3501}.Debug|Any CPU.Build.0 = Debug|Any CPU
		{FD417512-C29F-42BA-ACF3-1C3F8A6C3501}.Release|Any CPU.ActiveCfg = Release|Any CPU
		{FD417512-C29F-42BA-ACF3-1C3F8A6C3501}.Release|Any CPU.Build.0 = Release|Any CPU
		{B43C7450-F5CA-4DC9-9B6C-AA265D2F70DA}.Debug|Any CPU.ActiveCfg = Debug|Any CPU
		{B43C7450-F5CA-4DC9-9B6C-AA265D2F70DA}.Debug|Any CPU.Build.0 = Debug|Any CPU
		{B43C7450-F5CA-4DC9-9B6C-AA265D2F70DA}.Release|Any CPU.ActiveCfg = Release|Any CPU
		{B43C7450-F5CA-4DC9-9B6C-AA265D2F70DA}.Release|Any CPU.Build.0 = Release|Any CPU
	EndGlobalSection
	GlobalSection(SolutionProperties) = preSolution
		HideSolutionNode = FALSE
	EndGlobalSection
	GlobalSection(ExtensibilityGlobals) = postSolution
		SolutionGuid = {90FC2220-EB36-4C6D-AE84-C78011CC80A2}
	EndGlobalSection
EndGlobal
